
Microsoft Visual Studio Solution File, Format Version 12.00
# Visual Studio 15
VisualStudioVersion = 15.0.28307.902
MinimumVisualStudioVersion = 10.0.40219.1
Project("{9A19103F-16F7-4668-BE54-9A1E7A4F7556}") = "Blog.WebUI", "Blog.WebUI\Blog.WebUI.csproj", "{04E1C40A-D2C5-4502-B119-2650B7B552A8}"
EndProject
Project("{9A19103F-16F7-4668-BE54-9A1E7A4F7556}") = "Blog.Data", "Blog.Data\Blog.Data.csproj", "{0745314B-0F24-47D6-B97B-BF1F2EC1245C}"
EndProject
Project("{FAE04EC0-301F-11D3-BF4B-00C04F79EFBC}") = "Blog.Entity", "Blog.Entity\Blog.Entity.csproj", "{8E778251-024E-4017-BE22-9447666B3876}"
EndProject
Global
	GlobalSection(SolutionConfigurationPlatforms) = preSolution
		Debug|Any CPU = Debug|Any CPU
		Release|Any CPU = Release|Any CPU
	EndGlobalSection
	GlobalSection(ProjectConfigurationPlatforms) = postSolution
		{04E1C40A-D2C5-4502-B119-2650B7B552A8}.Debug|Any CPU.ActiveCfg = Debug|Any CPU
		{04E1C40A-D2C5-4502-B119-2650B7B552A8}.Debug|Any CPU.Build.0 = Debug|Any CPU
		{04E1C40A-D2C5-4502-B119-2650B7B552A8}.Release|Any CPU.ActiveCfg = Release|Any CPU
		{04E1C40A-D2C5-4502-B119-2650B7B552A8}.Release|Any CPU.Build.0 = Release|Any CPU
		{0745314B-0F24-47D6-B97B-BF1F2EC1245C}.Debug|Any CPU.ActiveCfg = Debug|Any CPU
		{0745314B-0F24-47D6-B97B-BF1F2EC1245C}.Debug|Any CPU.Build.0 = Debug|Any CPU
		{0745314B-0F24-47D6-B97B-BF1F2EC1245C}.Release|Any CPU.ActiveCfg = Release|Any CPU
		{0745314B-0F24-47D6-B97B-BF1F2EC1245C}.Release|Any CPU.Build.0 = Release|Any CPU
		{8E778251-024E-4017-BE22-9447666B3876}.Debug|Any CPU.ActiveCfg = Debug|Any CPU
		{8E778251-024E-4017-BE22-9447666B3876}.Debug|Any CPU.Build.0 = Debug|Any CPU
		{8E778251-024E-4017-BE22-9447666B3876}.Release|Any CPU.ActiveCfg = Release|Any CPU
		{8E778251-024E-4017-BE22-9447666B3876}.Release|Any CPU.Build.0 = Release|Any CPU
	EndGlobalSection
	GlobalSection(SolutionProperties) = preSolution
		HideSolutionNode = FALSE
	EndGlobalSection
	GlobalSection(ExtensibilityGlobals) = postSolution
		SolutionGuid = {22196953-7A9B-4E22-A194-78BA4288F014}
	EndGlobalSection
EndGlobal
